
Microsoft Visual Studio Solution File, Format Version 12.00
# Visual Studio 15
VisualStudioVersion = 15.0.28010.2016
MinimumVisualStudioVersion = 10.0.40219.1
Project("{FAE04EC0-301F-11D3-BF4B-00C04F79EFBC}") = "DelegateFirst", "Training\DelegateFirst.csproj", "{8B041370-E09F-42A4-B162-6FAF93B52206}"
EndProject
Project("{FAE04EC0-301F-11D3-BF4B-00C04F79EFBC}") = "ReusableLibrary", "ReusableLibrary\ReusableLibrary.csproj", "{14D7A496-0597-440E-91EA-8A05B877FE71}"
EndProject
Project("{FAE04EC0-301F-11D3-BF4B-00C04F79EFBC}") = "DelegateFileUploadProcessing", "WindowsFormsApp1\DelegateFileUploadProcessing.csproj", "{C002896C-7F51-45A4-93A9-073802C50782}"
EndProject
Project("{FAE04EC0-301F-11D3-BF4B-00C04F79EFBC}") = "WithoutEnumDemoFirst", "WithoutEnum\WithoutEnumDemoFirst.csproj", "{4469F314-B07A-4557-82E2-D8A185518F5A}"
EndProject
Project("{FAE04EC0-301F-11D3-BF4B-00C04F79EFBC}") = "DAL", "DAL\DAL.csproj", "{4D8AB5ED-6366-4EE0-A700-B2DFF99055C0}"
EndProject
Project("{FAE04EC0-301F-11D3-BF4B-00C04F79EFBC}") = "WithEnumDemoSecond", "WithEnum\WithEnumDemoSecond.csproj", "{6F848555-D0CD-43F6-9840-CE8460BADB3A}"
EndProject
Project("{FAE04EC0-301F-11D3-BF4B-00C04F79EFBC}") = "DelegateConsoleApp", "DelegateConsoleApp\DelegateConsoleApp.csproj", "{97A07DD1-0506-49DA-AA07-E276F18CBE1E}"
EndProject
Project("{FAE04EC0-301F-11D3-BF4B-00C04F79EFBC}") = "GenericsBasics", "GenericsBasics\GenericsBasics.csproj", "{77BF2A5E-4028-459D-A2A3-F5C2138C9E56}"
EndProject
Project("{2150E333-8FDC-42A3-9474-1A3956D46DE8}") = "GenericsSample", "GenericsSample", "{56617A9E-45D9-4A62-8AD4-3A832A97BA12}"
EndProject
Project("{FAE04EC0-301F-11D3-BF4B-00C04F79EFBC}") = "GenericsExportToExcel", "GenericsExportToExcel\GenericsExportToExcel.csproj", "{A89C371D-4B66-4C58-A0C5-3A78C70641FC}"
EndProject
Project("{2150E333-8FDC-42A3-9474-1A3956D46DE8}") = "Delegate", "Delegate", "{955FB4FF-456C-43EA-BE1D-8101CEB8848A}"
EndProject
Project("{2150E333-8FDC-42A3-9474-1A3956D46DE8}") = "Enum", "Enum", "{7C1AE3F5-8396-49C3-AF0A-C25656AA7CB4}"
EndProject
Project("{2150E333-8FDC-42A3-9474-1A3956D46DE8}") = "vAR", "vAR", "{9D330364-8D71-4BCE-A36D-30632F87B443}"
EndProject
Project("{FAE04EC0-301F-11D3-BF4B-00C04F79EFBC}") = "VarDemoFirst", "VarDemo\VarDemoFirst.csproj", "{F7B94563-ABC8-4B73-B21E-9FC2E35B1357}"
EndProject
Project("{2150E333-8FDC-42A3-9474-1A3956D46DE8}") = "Dynamic", "Dynamic", "{61A270CA-A7CF-489D-9E52-7F3E56F190AE}"
EndProject
Project("{FAE04EC0-301F-11D3-BF4B-00C04F79EFBC}") = "ConsoleApp1FirstDemo", "ConsoleApp1\ConsoleApp1FirstDemo.csproj", "{9E2853A1-C394-40A7-8EF4-205DE2A5986F}"
EndProject
Project("{2150E333-8FDC-42A3-9474-1A3956D46DE8}") = "Anonymous", "Anonymous", "{6BF04FC4-167E-41FC-B730-A8192191C376}"
EndProject
Project("{FAE04EC0-301F-11D3-BF4B-00C04F79EFBC}") = "AnonymousDemo1", "AnonymousDemo1\AnonymousDemo1.csproj", "{2A87D1E2-833E-4467-BFFE-941B9137D910}"
EndProject
Project("{FAE04EC0-301F-11D3-BF4B-00C04F79EFBC}") = "AnonmousTypeJoin", "AnonmousTypeJoin\AnonmousTypeJoin.csproj", "{0E238943-BD47-4D8F-A891-86D88526B032}"
EndProject
Project("{FAE04EC0-301F-11D3-BF4B-00C04F79EFBC}") = "DynamicDemo2", "DynamicDemo2\DynamicDemo2.csproj", "{43E9EF2C-0994-48F0-90EE-32AEE0E74EA2}"
EndProject
Project("{FAE04EC0-301F-11D3-BF4B-00C04F79EFBC}") = "DynamicDemo3", "DynamicDemo3\DynamicDemo3.csproj", "{C280CC44-AA91-4D30-A16A-F5E2CC7E0757}"
EndProject
Project("{FAE04EC0-301F-11D3-BF4B-00C04F79EFBC}") = "VarDemoSecond", "VarDemoSecond\VarDemoSecond.csproj", "{640E0B7A-1F28-4E75-87D8-AEB61B1D582C}"
EndProject
Project("{2150E333-8FDC-42A3-9474-1A3956D46DE8}") = "Appendix", "Appendix", "{BF47E070-3D1B-4536-9C15-0DDC129EDA44}"
EndProject
Global
	GlobalSection(SolutionConfigurationPlatforms) = preSolution
		Debug|Any CPU = Debug|Any CPU
		Release|Any CPU = Release|Any CPU
	EndGlobalSection
	GlobalSection(ProjectConfigurationPlatforms) = postSolution
		{8B041370-E09F-42A4-B162-6FAF93B52206}.Debug|Any CPU.ActiveCfg = Debug|Any CPU
		{8B041370-E09F-42A4-B162-6FAF93B52206}.Debug|Any CPU.Build.0 = Debug|Any CPU
		{8B041370-E09F-42A4-B162-6FAF93B52206}.Release|Any CPU.ActiveCfg = Release|Any CPU
		{8B041370-E09F-42A4-B162-6FAF93B52206}.Release|Any CPU.Build.0 = Release|Any CPU
		{14D7A496-0597-440E-91EA-8A05B877FE71}.Debug|Any CPU.ActiveCfg = Debug|Any CPU
		{14D7A496-0597-440E-91EA-8A05B877FE71}.Debug|Any CPU.Build.0 = Debug|Any CPU
		{14D7A496-0597-440E-91EA-8A05B877FE71}.Release|Any CPU.ActiveCfg = Release|Any CPU
		{14D7A496-0597-440E-91EA-8A05B877FE71}.Release|Any CPU.Build.0 = Release|Any CPU
		{C002896C-7F51-45A4-93A9-073802C50782}.Debug|Any CPU.ActiveCfg = Debug|Any CPU
		{C002896C-7F51-45A4-93A9-073802C50782}.Debug|Any CPU.Build.0 = Debug|Any CPU
		{C002896C-7F51-45A4-93A9-073802C50782}.Release|Any CPU.ActiveCfg = Release|Any CPU
		{C002896C-7F51-45A4-93A9-073802C50782}.Release|Any CPU.Build.0 = Release|Any CPU
		{4469F314-B07A-4557-82E2-D8A185518F5A}.Debug|Any CPU.ActiveCfg = Debug|Any CPU
		{4469F314-B07A-4557-82E2-D8A185518F5A}.Debug|Any CPU.Build.0 = Debug|Any CPU
		{4469F314-B07A-4557-82E2-D8A185518F5A}.Release|Any CPU.ActiveCfg = Release|Any CPU
		{4469F314-B07A-4557-82E2-D8A185518F5A}.Release|Any CPU.Build.0 = Release|Any CPU
		{4D8AB5ED-6366-4EE0-A700-B2DFF99055C0}.Debug|Any CPU.ActiveCfg = Debug|Any CPU
		{4D8AB5ED-6366-4EE0-A700-B2DFF99055C0}.Debug|Any CPU.Build.0 = Debug|Any CPU
		{4D8AB5ED-6366-4EE0-A700-B2DFF99055C0}.Release|Any CPU.ActiveCfg = Release|Any CPU
		{4D8AB5ED-6366-4EE0-A700-B2DFF99055C0}.Release|Any CPU.Build.0 = Release|Any CPU
		{6F848555-D0CD-43F6-9840-CE8460BADB3A}.Debug|Any CPU.ActiveCfg = Debug|Any CPU
		{6F848555-D0CD-43F6-9840-CE8460BADB3A}.Debug|Any CPU.Build.0 = Debug|Any CPU
		{6F848555-D0CD-43F6-9840-CE8460BADB3A}.Release|Any CPU.ActiveCfg = Release|Any CPU
		{6F848555-D0CD-43F6-9840-CE8460BADB3A}.Release|Any CPU.Build.0 = Release|Any CPU
		{97A07DD1-0506-49DA-AA07-E276F18CBE1E}.Debug|Any CPU.ActiveCfg = Debug|Any CPU
		{97A07DD1-0506-49DA-AA07-E276F18CBE1E}.Debug|Any CPU.Build.0 = Debug|Any CPU
		{97A07DD1-0506-49DA-AA07-E276F18CBE1E}.Release|Any CPU.ActiveCfg = Release|Any CPU
		{97A07DD1-0506-49DA-AA07-E276F18CBE1E}.Release|Any CPU.Build.0 = Release|Any CPU
		{77BF2A5E-4028-459D-A2A3-F5C2138C9E56}.Debug|Any CPU.ActiveCfg = Debug|Any CPU
		{77BF2A5E-4028-459D-A2A3-F5C2138C9E56}.Debug|Any CPU.Build.0 = Debug|Any CPU
		{77BF2A5E-4028-459D-A2A3-F5C2138C9E56}.Release|Any CPU.ActiveCfg = Release|Any CPU
		{77BF2A5E-4028-459D-A2A3-F5C2138C9E56}.Release|Any CPU.Build.0 = Release|Any CPU
		{A89C371D-4B66-4C58-A0C5-3A78C70641FC}.Debug|Any CPU.ActiveCfg = Debug|Any CPU
		{A89C371D-4B66-4C58-A0C5-3A78C70641FC}.Debug|Any CPU.Build.0 = Debug|Any CPU
		{A89C371D-4B66-4C58-A0C5-3A78C70641FC}.Release|Any CPU.ActiveCfg = Release|Any CPU
		{A89C371D-4B66-4C58-A0C5-3A78C70641FC}.Release|Any CPU.Build.0 = Release|Any CPU
		{F7B94563-ABC8-4B73-B21E-9FC2E35B1357}.Debug|Any CPU.ActiveCfg = Debug|Any CPU
		{F7B94563-ABC8-4B73-B21E-9FC2E35B1357}.Debug|Any CPU.Build.0 = Debug|Any CPU
		{F7B94563-ABC8-4B73-B21E-9FC2E35B1357}.Release|Any CPU.ActiveCfg = Release|Any CPU
		{F7B94563-ABC8-4B73-B21E-9FC2E35B1357}.Release|Any CPU.Build.0 = Release|Any CPU
		{9E2853A1-C394-40A7-8EF4-205DE2A5986F}.Debug|Any CPU.ActiveCfg = Debug|Any CPU
		{9E2853A1-C394-40A7-8EF4-205DE2A5986F}.Debug|Any CPU.Build.0 = Debug|Any CPU
		{9E2853A1-C394-40A7-8EF4-205DE2A5986F}.Release|Any CPU.ActiveCfg = Release|Any CPU
		{9E2853A1-C394-40A7-8EF4-205DE2A5986F}.Release|Any CPU.Build.0 = Release|Any CPU
		{2A87D1E2-833E-4467-BFFE-941B9137D910}.Debug|Any CPU.ActiveCfg = Debug|Any CPU
		{2A87D1E2-833E-4467-BFFE-941B9137D910}.Debug|Any CPU.Build.0 = Debug|Any CPU
		{2A87D1E2-833E-4467-BFFE-941B9137D910}.Release|Any CPU.ActiveCfg = Release|Any CPU
		{2A87D1E2-833E-4467-BFFE-941B9137D910}.Release|Any CPU.Build.0 = Release|Any CPU
		{0E238943-BD47-4D8F-A891-86D88526B032}.Debug|Any CPU.ActiveCfg = Debug|Any CPU
		{0E238943-BD47-4D8F-A891-86D88526B032}.Debug|Any CPU.Build.0 = Debug|Any CPU
		{0E238943-BD47-4D8F-A891-86D88526B032}.Release|Any CPU.ActiveCfg = Release|Any CPU
		{0E238943-BD47-4D8F-A891-86D88526B032}.Release|Any CPU.Build.0 = Release|Any CPU
		{43E9EF2C-0994-48F0-90EE-32AEE0E74EA2}.Debug|Any CPU.ActiveCfg = Debug|Any CPU
		{43E9EF2C-0994-48F0-90EE-32AEE0E74EA2}.Debug|Any CPU.Build.0 = Debug|Any CPU
		{43E9EF2C-0994-48F0-90EE-32AEE0E74EA2}.Release|Any CPU.ActiveCfg = Release|Any CPU
		{43E9EF2C-0994-48F0-90EE-32AEE0E74EA2}.Release|Any CPU.Build.0 = Release|Any CPU
		{C280CC44-AA91-4D30-A16A-F5E2CC7E0757}.Debug|Any CPU.ActiveCfg = Debug|Any CPU
		{C280CC44-AA91-4D30-A16A-F5E2CC7E0757}.Debug|Any CPU.Build.0 = Debug|Any CPU
		{C280CC44-AA91-4D30-A16A-F5E2CC7E0757}.Release|Any CPU.ActiveCfg = Release|Any CPU
		{C280CC44-AA91-4D30-A16A-F5E2CC7E0757}.Release|Any CPU.Build.0 = Release|Any CPU
		{640E0B7A-1F28-4E75-87D8-AEB61B1D582C}.Debug|Any CPU.ActiveCfg = Debug|Any CPU
		{640E0B7A-1F28-4E75-87D8-AEB61B1D582C}.Debug|Any CPU.Build.0 = Debug|Any CPU
		{640E0B7A-1F28-4E75-87D8-AEB61B1D582C}.Release|Any CPU.ActiveCfg = Release|Any CPU
		{640E0B7A-1F28-4E75-87D8-AEB61B1D582C}.Release|Any CPU.Build.0 = Release|Any CPU
	EndGlobalSection
	GlobalSection(SolutionProperties) = preSolution
		HideSolutionNode = FALSE
	EndGlobalSection
	GlobalSection(NestedProjects) = preSolution
		{8B041370-E09F-42A4-B162-6FAF93B52206} = {955FB4FF-456C-43EA-BE1D-8101CEB8848A}
		{C002896C-7F51-45A4-93A9-073802C50782} = {955FB4FF-456C-43EA-BE1D-8101CEB8848A}
		{4469F314-B07A-4557-82E2-D8A185518F5A} = {7C1AE3F5-8396-49C3-AF0A-C25656AA7CB4}
		{6F848555-D0CD-43F6-9840-CE8460BADB3A} = {7C1AE3F5-8396-49C3-AF0A-C25656AA7CB4}
		{97A07DD1-0506-49DA-AA07-E276F18CBE1E} = {955FB4FF-456C-43EA-BE1D-8101CEB8848A}
		{77BF2A5E-4028-459D-A2A3-F5C2138C9E56} = {56617A9E-45D9-4A62-8AD4-3A832A97BA12}
		{A89C371D-4B66-4C58-A0C5-3A78C70641FC} = {56617A9E-45D9-4A62-8AD4-3A832A97BA12}
		{F7B94563-ABC8-4B73-B21E-9FC2E35B1357} = {9D330364-8D71-4BCE-A36D-30632F87B443}
		{9E2853A1-C394-40A7-8EF4-205DE2A5986F} = {61A270CA-A7CF-489D-9E52-7F3E56F190AE}
		{2A87D1E2-833E-4467-BFFE-941B9137D910} = {6BF04FC4-167E-41FC-B730-A8192191C376}
		{0E238943-BD47-4D8F-A891-86D88526B032} = {6BF04FC4-167E-41FC-B730-A8192191C376}
		{43E9EF2C-0994-48F0-90EE-32AEE0E74EA2} = {61A270CA-A7CF-489D-9E52-7F3E56F190AE}
		{C280CC44-AA91-4D30-A16A-F5E2CC7E0757} = {61A270CA-A7CF-489D-9E52-7F3E56F190AE}
		{640E0B7A-1F28-4E75-87D8-AEB61B1D582C} = {9D330364-8D71-4BCE-A36D-30632F87B443}
	EndGlobalSection
	GlobalSection(ExtensibilityGlobals) = postSolution
		SolutionGuid = {EF79715F-6105-49C4-85CD-F405E36C94DD}
	EndGlobalSection
EndGlobal
